
Microsoft Visual Studio Solution File, Format Version 12.00
# Visual Studio Version 16
VisualStudioVersion = 16.0.29326.143
MinimumVisualStudioVersion = 10.0.40219.1
Project("{9A19103F-16F7-4668-BE54-9A1E7A4F7556}") = "PeopleViewer", "PeopleViewer\PeopleViewer.csproj", "{42E36B38-F4F7-47E9-B586-8E7CE51138AC}"
EndProject
Project("{9A19103F-16F7-4668-BE54-9A1E7A4F7556}") = "People.Service", "People.Service\People.Service.csproj", "{D9161871-8793-4A4C-855C-8F1916B33F99}"
EndProject
Project("{2150E333-8FDC-42A3-9474-1A3956D46DE8}") = "Services", "Services", "{9996915A-5767-4D4F-B662-3BD143AD5EDA}"
EndProject
Project("{2150E333-8FDC-42A3-9474-1A3956D46DE8}") = "Readers", "Readers", "{EBDE7883-D671-4736-8FA6-87699F60D81B}"
EndProject
Project("{9A19103F-16F7-4668-BE54-9A1E7A4F7556}") = "PersonReader.Interface", "PersonReader.Interface\PersonReader.Interface.csproj", "{A765E7F9-A6C2-44ED-A52C-63CE1E53DABA}"
EndProject
Project("{9A19103F-16F7-4668-BE54-9A1E7A4F7556}") = "PersonReader.Service", "PersonReader.Service\PersonReader.Service.csproj", "{7D53FAFC-32A2-4620-B053-0E06449E70D2}"
EndProject
Project("{9A19103F-16F7-4668-BE54-9A1E7A4F7556}") = "PersonReader.CSV", "PersonReader.CSV\PersonReader.CSV.csproj", "{CE2FDE9E-1A6D-43B1-B606-0D8E96FA9CA4}"
EndProject
Project("{9A19103F-16F7-4668-BE54-9A1E7A4F7556}") = "PersonReader.SQL", "PersonReader.SQL\PersonReader.SQL.csproj", "{98695F11-5062-4E5C-AFB2-74C3960A9900}"
EndProject
Project("{2150E333-8FDC-42A3-9474-1A3956D46DE8}") = "Repositories", "Repositories", "{17B5C5F1-1627-45D9-A36C-B6FBCBB46D05}"
EndProject
Project("{FAE04EC0-301F-11D3-BF4B-00C04F79EFBC}") = "PersonRepository.Interface", "PersonRepository.Interface\PersonRepository.Interface.csproj", "{B30532B2-7627-4184-97FB-D6B0578CD19D}"
EndProject
Project("{FAE04EC0-301F-11D3-BF4B-00C04F79EFBC}") = "PersonRepository.Service", "PersonRepository.Service\PersonRepository.Service.csproj", "{AE5CF58D-9F7B-47B0-A58D-14AA1E9CF97F}"
EndProject
Global
	GlobalSection(SolutionConfigurationPlatforms) = preSolution
		Debug|Any CPU = Debug|Any CPU
		Release|Any CPU = Release|Any CPU
	EndGlobalSection
	GlobalSection(ProjectConfigurationPlatforms) = postSolution
		{42E36B38-F4F7-47E9-B586-8E7CE51138AC}.Debug|Any CPU.ActiveCfg = Debug|Any CPU
		{42E36B38-F4F7-47E9-B586-8E7CE51138AC}.Debug|Any CPU.Build.0 = Debug|Any CPU
		{42E36B38-F4F7-47E9-B586-8E7CE51138AC}.Release|Any CPU.ActiveCfg = Release|Any CPU
		{42E36B38-F4F7-47E9-B586-8E7CE51138AC}.Release|Any CPU.Build.0 = Release|Any CPU
		{D9161871-8793-4A4C-855C-8F1916B33F99}.Debug|Any CPU.ActiveCfg = Debug|Any CPU
		{D9161871-8793-4A4C-855C-8F1916B33F99}.Debug|Any CPU.Build.0 = Debug|Any CPU
		{D9161871-8793-4A4C-855C-8F1916B33F99}.Release|Any CPU.ActiveCfg = Release|Any CPU
		{D9161871-8793-4A4C-855C-8F1916B33F99}.Release|Any CPU.Build.0 = Release|Any CPU
		{A765E7F9-A6C2-44ED-A52C-63CE1E53DABA}.Debug|Any CPU.ActiveCfg = Debug|Any CPU
		{A765E7F9-A6C2-44ED-A52C-63CE1E53DABA}.Debug|Any CPU.Build.0 = Debug|Any CPU
		{A765E7F9-A6C2-44ED-A52C-63CE1E53DABA}.Release|Any CPU.ActiveCfg = Release|Any CPU
		{A765E7F9-A6C2-44ED-A52C-63CE1E53DABA}.Release|Any CPU.Build.0 = Release|Any CPU
		{7D53FAFC-32A2-4620-B053-0E06449E70D2}.Debug|Any CPU.ActiveCfg = Debug|Any CPU
		{7D53FAFC-32A2-4620-B053-0E06449E70D2}.Debug|Any CPU.Build.0 = Debug|Any CPU
		{7D53FAFC-32A2-4620-B053-0E06449E70D2}.Release|Any CPU.ActiveCfg = Release|Any CPU
		{7D53FAFC-32A2-4620-B053-0E06449E70D2}.Release|Any CPU.Build.0 = Release|Any CPU
		{CE2FDE9E-1A6D-43B1-B606-0D8E96FA9CA4}.Debug|Any CPU.ActiveCfg = Debug|Any CPU
		{CE2FDE9E-1A6D-43B1-B606-0D8E96FA9CA4}.Debug|Any CPU.Build.0 = Debug|Any CPU
		{CE2FDE9E-1A6D-43B1-B606-0D8E96FA9CA4}.Release|Any CPU.ActiveCfg = Release|Any CPU
		{CE2FDE9E-1A6D-43B1-B606-0D8E96FA9CA4}.Release|Any CPU.Build.0 = Release|Any CPU
		{98695F11-5062-4E5C-AFB2-74C3960A9900}.Debug|Any CPU.ActiveCfg = Debug|Any CPU
		{98695F11-5062-4E5C-AFB2-74C3960A9900}.Debug|Any CPU.Build.0 = Debug|Any CPU
		{98695F11-5062-4E5C-AFB2-74C3960A9900}.Release|Any CPU.ActiveCfg = Release|Any CPU
		{98695F11-5062-4E5C-AFB2-74C3960A9900}.Release|Any CPU.Build.0 = Release|Any CPU
		{B30532B2-7627-4184-97FB-D6B0578CD19D}.Debug|Any CPU.ActiveCfg = Debug|Any CPU
		{B30532B2-7627-4184-97FB-D6B0578CD19D}.Debug|Any CPU.Build.0 = Debug|Any CPU
		{B30532B2-7627-4184-97FB-D6B0578CD19D}.Release|Any CPU.ActiveCfg = Release|Any CPU
		{B30532B2-7627-4184-97FB-D6B0578CD19D}.Release|Any CPU.Build.0 = Release|Any CPU
		{AE5CF58D-9F7B-47B0-A58D-14AA1E9CF97F}.Debug|Any CPU.ActiveCfg = Debug|Any CPU
		{AE5CF58D-9F7B-47B0-A58D-14AA1E9CF97F}.Debug|Any CPU.Build.0 = Debug|Any CPU
		{AE5CF58D-9F7B-47B0-A58D-14AA1E9CF97F}.Release|Any CPU.ActiveCfg = Release|Any CPU
		{AE5CF58D-9F7B-47B0-A58D-14AA1E9CF97F}.Release|Any CPU.Build.0 = Release|Any CPU
	EndGlobalSection
	GlobalSection(SolutionProperties) = preSolution
		HideSolutionNode = FALSE
	EndGlobalSection
	GlobalSection(NestedProjects) = preSolution
		{D9161871-8793-4A4C-855C-8F1916B33F99} = {9996915A-5767-4D4F-B662-3BD143AD5EDA}
		{A765E7F9-A6C2-44ED-A52C-63CE1E53DABA} = {EBDE7883-D671-4736-8FA6-87699F60D81B}
		{7D53FAFC-32A2-4620-B053-0E06449E70D2} = {EBDE7883-D671-4736-8FA6-87699F60D81B}
		{CE2FDE9E-1A6D-43B1-B606-0D8E96FA9CA4} = {EBDE7883-D671-4736-8FA6-87699F60D81B}
		{98695F11-5062-4E5C-AFB2-74C3960A9900} = {EBDE7883-D671-4736-8FA6-87699F60D81B}
		{B30532B2-7627-4184-97FB-D6B0578CD19D} = {17B5C5F1-1627-45D9-A36C-B6FBCBB46D05}
		{AE5CF58D-9F7B-47B0-A58D-14AA1E9CF97F} = {17B5C5F1-1627-45D9-A36C-B6FBCBB46D05}
	EndGlobalSection
	GlobalSection(ExtensibilityGlobals) = postSolution
		SolutionGuid = {313631F0-55E2-4C7B-9684-7EA8D87581E0}
	EndGlobalSection
EndGlobal
